
Microsoft Visual Studio Solution File, Format Version 12.00
# Visual Studio Version 16
VisualStudioVersion = 16.0.29503.13
MinimumVisualStudioVersion = 10.0.40219.1
Project("{FAE04EC0-301F-11D3-BF4B-00C04F79EFBC}") = "SeoTaskManagerApi", "SeoTaskManagerApi\SeoTaskManagerApi.csproj", "{67C6B7E5-CA02-4101-9BB6-527028A5E6CD}"
	ProjectSection(ProjectDependencies) = postProject
		{DD3AEC62-FB07-49FD-8F9A-91CCC93B1184} = {DD3AEC62-FB07-49FD-8F9A-91CCC93B1184}
		{D15BDCB4-A4E3-4B14-B065-0647414D7534} = {D15BDCB4-A4E3-4B14-B065-0647414D7534}
	EndProjectSection
EndProject
Project("{FAE04EC0-301F-11D3-BF4B-00C04F79EFBC}") = "SeoTaskManager.Domain", "SeoTaskManager.Domain\SeoTaskManager.Domain.csproj", "{DD3AEC62-FB07-49FD-8F9A-91CCC93B1184}"
EndProject
Project("{FAE04EC0-301F-11D3-BF4B-00C04F79EFBC}") = "SeoTaskManager.DAL", "SeoTaskManager.DAL\SeoTaskManager.DAL.csproj", "{D15BDCB4-A4E3-4B14-B065-0647414D7534}"
	ProjectSection(ProjectDependencies) = postProject
		{DD3AEC62-FB07-49FD-8F9A-91CCC93B1184} = {DD3AEC62-FB07-49FD-8F9A-91CCC93B1184}
	EndProjectSection
EndProject
Project("{FAE04EC0-301F-11D3-BF4B-00C04F79EFBC}") = "SeoTaskManager.BLL", "SeoTaskManager.BLL\SeoTaskManager.BLL.csproj", "{DDE7FC9B-9F34-4C9A-81D6-2CAAFEE2C457}"
	ProjectSection(ProjectDependencies) = postProject
		{DD3AEC62-FB07-49FD-8F9A-91CCC93B1184} = {DD3AEC62-FB07-49FD-8F9A-91CCC93B1184}
		{D15BDCB4-A4E3-4B14-B065-0647414D7534} = {D15BDCB4-A4E3-4B14-B065-0647414D7534}
	EndProjectSection
EndProject
Global
	GlobalSection(SolutionConfigurationPlatforms) = preSolution
		Debug|Any CPU = Debug|Any CPU
		Release|Any CPU = Release|Any CPU
	EndGlobalSection
	GlobalSection(ProjectConfigurationPlatforms) = postSolution
		{67C6B7E5-CA02-4101-9BB6-527028A5E6CD}.Debug|Any CPU.ActiveCfg = Debug|Any CPU
		{67C6B7E5-CA02-4101-9BB6-527028A5E6CD}.Debug|Any CPU.Build.0 = Debug|Any CPU
		{67C6B7E5-CA02-4101-9BB6-527028A5E6CD}.Release|Any CPU.ActiveCfg = Release|Any CPU
		{67C6B7E5-CA02-4101-9BB6-527028A5E6CD}.Release|Any CPU.Build.0 = Release|Any CPU
		{DD3AEC62-FB07-49FD-8F9A-91CCC93B1184}.Debug|Any CPU.ActiveCfg = Debug|Any CPU
		{DD3AEC62-FB07-49FD-8F9A-91CCC93B1184}.Debug|Any CPU.Build.0 = Debug|Any CPU
		{DD3AEC62-FB07-49FD-8F9A-91CCC93B1184}.Release|Any CPU.ActiveCfg = Release|Any CPU
		{DD3AEC62-FB07-49FD-8F9A-91CCC93B1184}.Release|Any CPU.Build.0 = Release|Any CPU
		{D15BDCB4-A4E3-4B14-B065-0647414D7534}.Debug|Any CPU.ActiveCfg = Debug|Any CPU
		{D15BDCB4-A4E3-4B14-B065-0647414D7534}.Debug|Any CPU.Build.0 = Debug|Any CPU
		{D15BDCB4-A4E3-4B14-B065-0647414D7534}.Release|Any CPU.ActiveCfg = Release|Any CPU
		{D15BDCB4-A4E3-4B14-B065-0647414D7534}.Release|Any CPU.Build.0 = Release|Any CPU
		{DDE7FC9B-9F34-4C9A-81D6-2CAAFEE2C457}.Debug|Any CPU.ActiveCfg = Debug|Any CPU
		{DDE7FC9B-9F34-4C9A-81D6-2CAAFEE2C457}.Debug|Any CPU.Build.0 = Debug|Any CPU
		{DDE7FC9B-9F34-4C9A-81D6-2CAAFEE2C457}.Release|Any CPU.ActiveCfg = Release|Any CPU
		{DDE7FC9B-9F34-4C9A-81D6-2CAAFEE2C457}.Release|Any CPU.Build.0 = Release|Any CPU
	EndGlobalSection
	GlobalSection(SolutionProperties) = preSolution
		HideSolutionNode = FALSE
	EndGlobalSection
	GlobalSection(ExtensibilityGlobals) = postSolution
		SolutionGuid = {9447EAB5-8E36-4BE3-B669-03FCE45B8947}
	EndGlobalSection
EndGlobal
